# Pinned development dependencies for reproducible installs (CI, graders, clean machines).
#
# Install (from repo root):
#   python -m pip install -r requirements.lock
#   python -m pip install -e .
#
# Regenerate after changing pyproject.toml [project.optional-dependencies].dev:
#   python -m piptools compile pyproject.toml --extra dev -o requirements.lock
#
# This file is autogenerated by pip-compile with Python 3.14
# by the following command:
#
#    pip-compile --extra=dev --output-file=requirements.lock pyproject.toml
#
colorama==0.4.6
    # via pytest
coverage[toml]==7.14.1
    # via pytest-cov
iniconfig==2.3.0
    # via pytest
packaging==26.2
    # via pytest
pluggy==1.6.0
    # via
    #   pytest
    #   pytest-cov
pygments==2.20.0
    # via pytest
pytest==9.0.3
    # via
    #   pytest-cov
    #   simple-api-client (pyproject.toml)
pytest-cov==7.1.0
    # via simple-api-client (pyproject.toml)
ruff==0.15.16
    # via simple-api-client (pyproject.toml)
